// !$*UTF8*$!
{
	archiveVersion = 1;
	classes = {
	};
	objectVersion = 48;
	objects = {

/* Begin PBXBuildFile section */
		F260F37921A5EE65004FF58F /* AppDelegate.swift in Sources */ = {isa = PBXBuildFile; fileRef = F260F37821A5EE65004FF58F /* AppDelegate.swift */; };
		F260F37B21A5EE65004FF58F /* ViewController.swift in Sources */ = {isa = PBXBuildFile; fileRef = F260F37A21A5EE65004FF58F /* ViewController.swift */; };
		F260F37E21A5EE65004FF58F /* Main.storyboard in Resources */ = {isa = PBXBuildFile; fileRef = F260F37C21A5EE65004FF58F /* Main.storyboard */; };
		F260F38121A5EE65004FF58F /* PokemonGo.xcdatamodeld in Sources */ = {isa = PBXBuildFile; fileRef = F260F37F21A5EE65004FF58F /* PokemonGo.xcdatamodeld */; };
		F260F38321A5EE65004FF58F /* Assets.xcassets in Resources */ = {isa = PBXBuildFile; fileRef = F260F38221A5EE65004FF58F /* Assets.xcassets */; };
		F260F38621A5EE65004FF58F /* LaunchScreen.storyboard in Resources */ = {isa = PBXBuildFile; fileRef = F260F38421A5EE65004FF58F /* LaunchScreen.storyboard */; };
		F260F38F21A5EF7F004FF58F /* MapKit.framework in Frameworks */ = {isa = PBXBuildFile; fileRef = F260F38E21A5EF7F004FF58F /* MapKit.framework */; };
		F260F39121A5FD16004FF58F /* PokedexViewController.swift in Sources */ = {isa = PBXBuildFile; fileRef = F260F39021A5FD16004FF58F /* PokedexViewController.swift */; };
		F260F39321A5FFC9004FF58F /* Funciones.swift in Sources */ = {isa = PBXBuildFile; fileRef = F260F39221A5FFC9004FF58F /* Funciones.swift */; };
		F2BC02D521AF0F21007DCA23 /* PokePin.swift in Sources */ = {isa = PBXBuildFile; fileRef = F2BC02D421AF0F21007DCA23 /* PokePin.swift */; };
/* End PBXBuildFile section */

/* Begin PBXFileReference section */
		F260F37521A5EE65004FF58F /* PokemonGo.app */ = {isa = PBXFileReference; explicitFileType = wrapper.application; includeInIndex = 0; path = PokemonGo.app; sourceTree = BUILT_PRODUCTS_DIR; };
		F260F37821A5EE65004FF58F /* AppDelegate.swift */ = {isa = PBXFileReference; lastKnownFileType = sourcecode.swift; path = AppDelegate.swift; sourceTree = "<group>"; };
		F260F37A21A5EE65004FF58F /* ViewController.swift */ = {isa = PBXFileReference; lastKnownFileType = sourcecode.swift; path = ViewController.swift; sourceTree = "<group>"; };
		F260F37D21A5EE65004FF58F /* Base */ = {isa = PBXFileReference; lastKnownFileType = file.storyboard; name = Base; path = Base.lproj/Main.storyboard; sourceTree = "<group>"; };
		F260F38021A5EE65004FF58F /* PokemonGo.xcdatamodel */ = {isa = PBXFileReference; lastKnownFileType = wrapper.xcdatamodel; path = PokemonGo.xcdatamodel; sourceTree = "<group>"; };
		F260F38221A5EE65004FF58F /* Assets.xcassets */ = {isa = PBXFileReference; lastKnownFileType = folder.assetcatalog; path = Assets.xcassets; sourceTree = "<group>"; };
		F260F38521A5EE65004FF58F /* Base */ = {isa = PBXFileReference; lastKnownFileType = file.storyboard; name = Base; path = Base.lproj/LaunchScreen.storyboard; sourceTree = "<group>"; };
		F260F38721A5EE65004FF58F /* Info.plist */ = {isa = PBXFileReference; lastKnownFileType = text.plist.xml; path = Info.plist; sourceTree = "<group>"; };
		F260F38E21A5EF7F004FF58F /* MapKit.framework */ = {isa = PBXFileReference; lastKnownFileType = wrapper.framework; name = MapKit.framework; path = System/Library/Frameworks/MapKit.framework; sourceTree = SDKROOT; };
		F260F39021A5FD16004FF58F /* PokedexViewController.swift */ = {isa = PBXFileReference; lastKnownFileType = sourcecode.swift; path = PokedexViewController.swift; sourceTree = "<group>"; };
		F260F39221A5FFC9004FF58F /* Funciones.swift */ = {isa = PBXFileReference; lastKnownFileType = sourcecode.swift; path = Funciones.swift; sourceTree = "<group>"; };
		F2BC02D421AF0F21007DCA23 /* PokePin.swift */ = {isa = PBXFileReference; lastKnownFileType = sourcecode.swift; path = PokePin.swift; sourceTree = "<group>"; };
/* End PBXFileReference section */

/* Begin PBXFrameworksBuildPhase section */
		F260F37221A5EE65004FF58F /* Frameworks */ = {
			isa = PBXFrameworksBuildPhase;
			buildActionMask = 2147483647;
			files = (
				F260F38F21A5EF7F004FF58F /* MapKit.framework in Frameworks */,
			);
			runOnlyForDeploymentPostprocessing = 0;
		};
/* End PBXFrameworksBuildPhase section */

/* Begin PBXGroup section */
		F260F36C21A5EE65004FF58F = {
			isa = PBXGroup;
			children = (
				F260F37721A5EE65004FF58F /* PokemonGo */,
				F260F37621A5EE65004FF58F /* Products */,
				F260F38D21A5EF7F004FF58F /* Frameworks */,
			);
			sourceTree = "<group>";
		};
		F260F37621A5EE65004FF58F /* Products */ = {
			isa = PBXGroup;
			children = (
				F260F37521A5EE65004FF58F /* PokemonGo.app */,
			);
			name = Products;
			sourceTree = "<group>";
		};
		F260F37721A5EE65004FF58F /* PokemonGo */ = {
			isa = PBXGroup;
			children = (
				F260F37821A5EE65004FF58F /* AppDelegate.swift */,
				F2BC02D421AF0F21007DCA23 /* PokePin.swift */,
				F260F37A21A5EE65004FF58F /* ViewController.swift */,
				F260F37C21A5EE65004FF58F /* Main.storyboard */,
				F260F38221A5EE65004FF58F /* Assets.xcassets */,
				F260F38421A5EE65004FF58F /* LaunchScreen.storyboard */,
				F260F38721A5EE65004FF58F /* Info.plist */,
				F260F37F21A5EE65004FF58F /* PokemonGo.xcdatamodeld */,
				F260F39021A5FD16004FF58F /* PokedexViewController.swift */,
				F260F39221A5FFC9004FF58F /* Funciones.swift */,
			);
			path = PokemonGo;
			sourceTree = "<group>";
		};
		F260F38D21A5EF7F004FF58F /* Frameworks */ = {
			isa = PBXGroup;
			children = (
				F260F38E21A5EF7F004FF58F /* MapKit.framework */,
			);
			name = Frameworks;
			sourceTree = "<group>";
		};
/* End PBXGroup section */

/* Begin PBXNativeTarget section */
		F260F37421A5EE65004FF58F /* PokemonGo */ = {
			isa = PBXNativeTarget;
			buildConfigurationList = F260F38A21A5EE65004FF58F /* Build configuration list for PBXNativeTarget "PokemonGo" */;
			buildPhases = (
				F260F37121A5EE65004FF58F /* Sources */,
				F260F37221A5EE65004FF58F /* Frameworks */,
				F260F37321A5EE65004FF58F /* Resources */,
			);
			buildRules = (
			);
			dependencies = (
			);
			name = PokemonGo;
			productName = PokemonGo;
			productReference = F260F37521A5EE65004FF58F /* PokemonGo.app */;
			productType = "com.apple.product-type.application";
		};
/* End PBXNativeTarget section */

/* Begin PBXProject section */
		F260F36D21A5EE65004FF58F /* Project object */ = {
			isa = PBXProject;
			attributes = {
				LastSwiftUpdateCheck = 0920;
				LastUpgradeCheck = 0920;
				ORGANIZATIONNAME = Tecsup;
				TargetAttributes = {
					F260F37421A5EE65004FF58F = {
						CreatedOnToolsVersion = 9.2;
						ProvisioningStyle = Automatic;
					};
				};
			};
			buildConfigurationList = F260F37021A5EE65004FF58F /* Build configuration list for PBXProject "PokemonGo" */;
			compatibilityVersion = "Xcode 8.0";
			developmentRegion = en;
			hasScannedForEncodings = 0;
			knownRegions = (
				en,
				Base,
			);
			mainGroup = F260F36C21A5EE65004FF58F;
			productRefGroup = F260F37621A5EE65004FF58F /* Products */;
			projectDirPath = "";
			projectRoot = "";
			targets = (
				F260F37421A5EE65004FF58F /* PokemonGo */,
			);
		};
/* End PBXProject section */

/* Begin PBXResourcesBuildPhase section */
		F260F37321A5EE65004FF58F /* Resources */ = {
			isa = PBXResourcesBuildPhase;
			buildActionMask = 2147483647;
			files = (
				F260F38621A5EE65004FF58F /* LaunchScreen.storyboard in Resources */,
				F260F38321A5EE65004FF58F /* Assets.xcassets in Resources */,
				F260F37E21A5EE65004FF58F /* Main.storyboard in Resources */,
			);
			runOnlyForDeploymentPostprocessing = 0;
		};
/* End PBXResourcesBuildPhase section */

/* Begin PBXSourcesBuildPhase section */
		F260F37121A5EE65004FF58F /* Sources */ = {
			isa = PBXSourcesBuildPhase;
			buildActionMask = 2147483647;
			files = (
				F2BC02D521AF0F21007DCA23 /* PokePin.swift in Sources */,
				F260F37B21A5EE65004FF58F /* ViewController.swift in Sources */,
				F260F39121A5FD16004FF58F /* PokedexViewController.swift in Sources */,
				F260F37921A5EE65004FF58F /* AppDelegate.swift in Sources */,
				F260F38121A5EE65004FF58F /* PokemonGo.xcdatamodeld in Sources */,
				F260F39321A5FFC9004FF58F /* Funciones.swift in Sources */,
			);
			runOnlyForDeploymentPostprocessing = 0;
		};
/* End PBXSourcesBuildPhase section */

/* Begin PBXVariantGroup section */
		F260F37C21A5EE65004FF58F /* Main.storyboard */ = {
			isa = PBXVariantGroup;
			children = (
				F260F37D21A5EE65004FF58F /* Base */,
			);
			name = Main.storyboard;
			sourceTree = "<group>";
		};
		F260F38421A5EE65004FF58F /* LaunchScreen.storyboard */ = {
			isa = PBXVariantGroup;
			children = (
				F260F38521A5EE65004FF58F /* Base */,
			);
			name = LaunchScreen.storyboard;
			sourceTree = "<group>";
		};
/* End PBXVariantGroup section */

/* Begin XCBuildConfiguration section */
		F260F38821A5EE65004FF58F /* Debug */ = {
			isa = XCBuildConfiguration;
			buildSettings = {
				ALWAYS_SEARCH_USER_PATHS = NO;
				CLANG_ANALYZER_NONNULL = YES;
				CLANG_ANALYZER_NUMBER_OBJECT_CONVERSION = YES_AGGRESSIVE;
				CLANG_CXX_LANGUAGE_STANDARD = "gnu++14";
				CLANG_CXX_LIBRARY = "libc++";
				CLANG_ENABLE_MODULES = YES;
				CLANG_ENABLE_OBJC_ARC = YES;
				CLANG_WARN_BLOCK_CAPTURE_AUTORELEASING = YES;
				CLANG_WARN_BOOL_CONVERSION = YES;
				CLANG_WARN_COMMA = YES;
				CLANG_WARN_CONSTANT_CONVERSION = YES;
				CLANG_WARN_DIRECT_OBJC_ISA_USAGE = YES_ERROR;
				CLANG_WARN_DOCUMENTATION_COMMENTS = YES;
				CLANG_WARN_EMPTY_BODY = YES;
				CLANG_WARN_ENUM_CONVERSION = YES;
				CLANG_WARN_INFINITE_RECURSION = YES;
				CLANG_WARN_INT_CONVERSION = YES;
				CLANG_WARN_NON_LITERAL_NULL_CONVERSION = YES;
				CLANG_WARN_OBJC_LITERAL_CONVERSION = YES;
				CLANG_WARN_OBJC_ROOT_CLASS = YES_ERROR;
				CLANG_WARN_RANGE_LOOP_ANALYSIS = YES;
				CLANG_WARN_STRICT_PROTOTYPES = YES;
				CLANG_WARN_SUSPICIOUS_MOVE = YES;
				CLANG_WARN_UNGUARDED_AVAILABILITY = YES_AGGRESSIVE;
				CLANG_WARN_UNREACHABLE_CODE = YES;
				CLANG_WARN__DUPLICATE_METHOD_MATCH = YES;
				CODE_SIGN_IDENTITY = "iPhone Developer";
				COPY_PHASE_STRIP = NO;
				DEBUG_INFORMATION_FORMAT = dwarf;
				ENABLE_STRICT_OBJC_MSGSEND = YES;
				ENABLE_TESTABILITY = YES;
				GCC_C_LANGUAGE_STANDARD = gnu11;
				GCC_DYNAMIC_NO_PIC = NO;
				GCC_NO_COMMON_BLOCKS = YES;
				GCC_OPTIMIZATION_LEVEL = 0;
				GCC_PREPROCESSOR_DEFINITIONS = (
					"DEBUG=1",
					"$(inherited)",
				);
				GCC_WARN_64_TO_32_BIT_CONVERSION = YES;
				GCC_WARN_ABOUT_RETURN_TYPE = YES_ERROR;
				GCC_WARN_UNDECLARED_SELECTOR = YES;
				GCC_WARN_UNINITIALIZED_AUTOS = YES_AGGRESSIVE;
				GCC_WARN_UNUSED_FUNCTION = YES;
				GCC_WARN_UNUSED_VARIABLE = YES;
				IPHONEOS_DEPLOYMENT_TARGET = 11.2;
				MTL_ENABLE_DEBUG_INFO = YES;
				ONLY_ACTIVE_ARCH = YES;
				SDKROOT = iphoneos;
				SWIFT_ACTIVE_COMPILATION_CONDITIONS = DEBUG;
				SWIFT_OPTIMIZATION_LEVEL = "-Onone";
			};
			name = Debug;
		};
		F260F38921A5EE65004FF58F /* Release */ = {
			isa = XCBuildConfiguration;
			buildSettings = {
				ALWAYS_SEARCH_USER_PATHS = NO;
				CLANG_ANALYZER_NONNULL = YES;
				CLANG_ANALYZER_NUMBER_OBJECT_CONVERSION = YES_AGGRESSIVE;
				CLANG_CXX_LANGUAGE_STANDARD = "gnu++14";
				CLANG_CXX_LIBRARY = "libc++";
				CLANG_ENABLE_MODULES = YES;
				CLANG_ENABLE_OBJC_ARC = YES;
				CLANG_WARN_BLOCK_CAPTURE_AUTORELEASING = YES;
				CLANG_WARN_BOOL_CONVERSION = YES;
				CLANG_WARN_COMMA = YES;
				CLANG_WARN_CONSTANT_CONVERSION = YES;
				CLANG_WARN_DIRECT_OBJC_ISA_USAGE = YES_ERROR;
				CLANG_WARN_DOCUMENTATION_COMMENTS = YES;
				CLANG_WARN_EMPTY_BODY = YES;
				CLANG_WARN_ENUM_CONVERSION = YES;
				CLANG_WARN_INFINITE_RECURSION = YES;
				CLANG_WARN_INT_CONVERSION = YES;
				CLANG_WARN_NON_LITERAL_NULL_CONVERSION = YES;
				CLANG_WARN_OBJC_LITERAL_CONVERSION = YES;
				CLANG_WARN_OBJC_ROOT_CLASS = YES_ERROR;
				CLANG_WARN_RANGE_LOOP_ANALYSIS = YES;
				CLANG_WARN_STRICT_PROTOTYPES = YES;
				CLANG_WARN_SUSPICIOUS_MOVE = YES;
				CLANG_WARN_UNGUARDED_AVAILABILITY = YES_AGGRESSIVE;
				CLANG_WARN_UNREACHABLE_CODE = YES;
				CLANG_WARN__DUPLICATE_METHOD_MATCH = YES;
				CODE_SIGN_IDENTITY = "iPhone Developer";
				COPY_PHASE_STRIP = NO;
				DEBUG_INFORMATION_FORMAT = "dwarf-with-dsym";
				ENABLE_NS_ASSERTIONS = NO;
				ENABLE_STRICT_OBJC_MSGSEND = YES;
				GCC_C_LANGUAGE_STANDARD = gnu11;
				GCC_NO_COMMON_BLOCKS = YES;
				GCC_WARN_64_TO_32_BIT_CONVERSION = YES;
				GCC_WARN_ABOUT_RETURN_TYPE = YES_ERROR;
				GCC_WARN_UNDECLARED_SELECTOR = YES;
				GCC_WARN_UNINITIALIZED_AUTOS = YES_AGGRESSIVE;
				GCC_WARN_UNUSED_FUNCTION = YES;
				GCC_WARN_UNUSED_VARIABLE = YES;
				IPHONEOS_DEPLOYMENT_TARGET = 11.2;
				MTL_ENABLE_DEBUG_INFO = NO;
				SDKROOT = iphoneos;
				SWIFT_OPTIMIZATION_LEVEL = "-Owholemodule";
				VALIDATE_PRODUCT = YES;
			};
			name = Release;
		};
		F260F38B21A5EE65004FF58F /* Debug */ = {
			isa = XCBuildConfiguration;
			buildSettings = {
				ASSETCATALOG_COMPILER_APPICON_NAME = AppIcon;
				CODE_SIGN_STYLE = Automatic;
				DEVELOPMENT_TEAM = CR55N8A3UJ;
				INFOPLIST_FILE = PokemonGo/Info.plist;
				LD_RUNPATH_SEARCH_PATHS = "$(inherited) @executable_path/Frameworks";
				PRODUCT_BUNDLE_IDENTIFIER = com.tecsup.PokemonGo;
				PRODUCT_NAME = "$(TARGET_NAME)";
				SWIFT_VERSION = 4.0;
				TARGETED_DEVICE_FAMILY = "1,2";
			};
			name = Debug;
		};
		F260F38C21A5EE65004FF58F /* Release */ = {
			isa = XCBuildConfiguration;
			buildSettings = {
				ASSETCATALOG_COMPILER_APPICON_NAME = AppIcon;
				CODE_SIGN_STYLE = Automatic;
				DEVELOPMENT_TEAM = CR55N8A3UJ;
				INFOPLIST_FILE = PokemonGo/Info.plist;
				LD_RUNPATH_SEARCH_PATHS = "$(inherited) @executable_path/Frameworks";
				PRODUCT_BUNDLE_IDENTIFIER = com.tecsup.PokemonGo;
				PRODUCT_NAME = "$(TARGET_NAME)";
				SWIFT_VERSION = 4.0;
				TARGETED_DEVICE_FAMILY = "1,2";
			};
			name = Release;
		};
/* End XCBuildConfiguration section */

/* Begin XCConfigurationList section */
		F260F37021A5EE65004FF58F /* Build configuration list for PBXProject "PokemonGo" */ = {
			isa = XCConfigurationList;
			buildConfigurations = (
				F260F38821A5EE65004FF58F /* Debug */,
				F260F38921A5EE65004FF58F /* Release */,
			);
			defaultConfigurationIsVisible = 0;
			defaultConfigurationName = Release;
		};
		F260F38A21A5EE65004FF58F /* Build configuration list for PBXNativeTarget "PokemonGo" */ = {
			isa = XCConfigurationList;
			buildConfigurations = (
				F260F38B21A5EE65004FF58F /* Debug */,
				F260F38C21A5EE65004FF58F /* Release */,
			);
			defaultConfigurationIsVisible = 0;
			defaultConfigurationName = Release;
		};
/* End XCConfigurationList section */

/* Begin XCVersionGroup section */
		F260F37F21A5EE65004FF58F /* PokemonGo.xcdatamodeld */ = {
			isa = XCVersionGroup;
			children = (
				F260F38021A5EE65004FF58F /* PokemonGo.xcdatamodel */,
			);
			currentVersion = F260F38021A5EE65004FF58F /* PokemonGo.xcdatamodel */;
			path = PokemonGo.xcdatamodeld;
			sourceTree = "<group>";
			versionGroupType = wrapper.xcdatamodel;
		};
/* End XCVersionGroup section */
	};
	rootObject = F260F36D21A5EE65004FF58F /* Project object */;
}
